
Microsoft Visual Studio Solution File, Format Version 12.00
# Visual Studio 15
VisualStudioVersion = 15.0.28307.779
MinimumVisualStudioVersion = 10.0.40219.1
Project("{8BC9CEB8-8B4A-11D0-8D11-00A0C91BC942}") = "StateMachine", "StateMachine\StateMachine.vcxproj", "{BD429D1D-B2CF-479C-A3BB-AD081C5C210F}"
EndProject
Project("{8BC9CEB8-8B4A-11D0-8D11-00A0C91BC942}") = "StateMachineUnitTest", "StateMachineUnitTest\StateMachineUnitTest.vcxproj", "{6556934D-0242-42E4-95CD-25D42D296DA6}"
	ProjectSection(ProjectDependencies) = postProject
		{BD429D1D-B2CF-479C-A3BB-AD081C5C210F} = {BD429D1D-B2CF-479C-A3BB-AD081C5C210F}
	EndProjectSection
EndProject
Project("{8BC9CEB8-8B4A-11D0-8D11-00A0C91BC942}") = "jpp", "jpp\jpp\jpp.vcxproj", "{13E1F4B6-CFE0-46CD-9AA1-6B187A4E6203}"
	ProjectSection(ProjectDependencies) = postProject
		{5D559714-38BA-49C2-89BA-FFF1B69626B4} = {5D559714-38BA-49C2-89BA-FFF1B69626B4}
	EndProjectSection
EndProject
Project("{8BC9CEB8-8B4A-11D0-8D11-00A0C91BC942}") = "JsonParser", "jpp\JsonParser\JsonParser.vcxproj", "{5D559714-38BA-49C2-89BA-FFF1B69626B4}"
	ProjectSection(ProjectDependencies) = postProject
		{BD429D1D-B2CF-479C-A3BB-AD081C5C210F} = {BD429D1D-B2CF-479C-A3BB-AD081C5C210F}
	EndProjectSection
EndProject
Project("{2150E333-8FDC-42A3-9474-1A3956D46DE8}") = "jpp", "jpp", "{C28D57E5-B031-4FB9-ADF4-F8E86B446120}"
EndProject
Project("{8BC9CEB8-8B4A-11D0-8D11-00A0C91BC942}") = "StateMachineManualTest", "StateMachineManualTest\StateMachineManualTest.vcxproj", "{D01D9732-0337-46E6-A612-5A32B65FFAF7}"
	ProjectSection(ProjectDependencies) = postProject
		{BD429D1D-B2CF-479C-A3BB-AD081C5C210F} = {BD429D1D-B2CF-479C-A3BB-AD081C5C210F}
	EndProjectSection
EndProject
Project("{2150E333-8FDC-42A3-9474-1A3956D46DE8}") = "_docs", "_docs", "{0FA725A0-EFAA-4569-A92E-E03FAC2127A6}"
	ProjectSection(SolutionItems) = preProject
		README.md = README.md
	EndProjectSection
EndProject
Project("{2150E333-8FDC-42A3-9474-1A3956D46DE8}") = "docs", "docs", "{D4DE4B50-3DA0-40BA-8447-D688F65D8A48}"
	ProjectSection(SolutionItems) = preProject
		docs\index.html = docs\index.html
	EndProjectSection
EndProject
Project("{8BC9CEB8-8B4A-11D0-8D11-00A0C91BC942}") = "StateMachine.NET", "StateMachine.NET\StateMachine.NET.vcxproj", "{DE14C539-5986-4AD3-8DAD-E3F966304787}"
EndProject
Global
	GlobalSection(SolutionConfigurationPlatforms) = preSolution
		Debug|x64 = Debug|x64
		Debug|x86 = Debug|x86
		Release|x64 = Release|x64
		Release|x86 = Release|x86
	EndGlobalSection
	GlobalSection(ProjectConfigurationPlatforms) = postSolution
		{BD429D1D-B2CF-479C-A3BB-AD081C5C210F}.Debug|x64.ActiveCfg = Debug|x64
		{BD429D1D-B2CF-479C-A3BB-AD081C5C210F}.Debug|x64.Build.0 = Debug|x64
		{BD429D1D-B2CF-479C-A3BB-AD081C5C210F}.Debug|x86.ActiveCfg = Debug|Win32
		{BD429D1D-B2CF-479C-A3BB-AD081C5C210F}.Debug|x86.Build.0 = Debug|Win32
		{BD429D1D-B2CF-479C-A3BB-AD081C5C210F}.Release|x64.ActiveCfg = Release|x64
		{BD429D1D-B2CF-479C-A3BB-AD081C5C210F}.Release|x64.Build.0 = Release|x64
		{BD429D1D-B2CF-479C-A3BB-AD081C5C210F}.Release|x86.ActiveCfg = Release|Win32
		{BD429D1D-B2CF-479C-A3BB-AD081C5C210F}.Release|x86.Build.0 = Release|Win32
		{6556934D-0242-42E4-95CD-25D42D296DA6}.Debug|x64.ActiveCfg = Debug|x64
		{6556934D-0242-42E4-95CD-25D42D296DA6}.Debug|x64.Build.0 = Debug|x64
		{6556934D-0242-42E4-95CD-25D42D296DA6}.Debug|x86.ActiveCfg = Debug|Win32
		{6556934D-0242-42E4-95CD-25D42D296DA6}.Debug|x86.Build.0 = Debug|Win32
		{6556934D-0242-42E4-95CD-25D42D296DA6}.Release|x64.ActiveCfg = Release|x64
		{6556934D-0242-42E4-95CD-25D42D296DA6}.Release|x64.Build.0 = Release|x64
		{6556934D-0242-42E4-95CD-25D42D296DA6}.Release|x86.ActiveCfg = Release|Win32
		{6556934D-0242-42E4-95CD-25D42D296DA6}.Release|x86.Build.0 = Release|Win32
		{13E1F4B6-CFE0-46CD-9AA1-6B187A4E6203}.Debug|x64.ActiveCfg = Debug|x64
		{13E1F4B6-CFE0-46CD-9AA1-6B187A4E6203}.Debug|x64.Build.0 = Debug|x64
		{13E1F4B6-CFE0-46CD-9AA1-6B187A4E6203}.Debug|x86.ActiveCfg = Debug|Win32
		{13E1F4B6-CFE0-46CD-9AA1-6B187A4E6203}.Debug|x86.Build.0 = Debug|Win32
		{13E1F4B6-CFE0-46CD-9AA1-6B187A4E6203}.Release|x64.ActiveCfg = Release|x64
		{13E1F4B6-CFE0-46CD-9AA1-6B187A4E6203}.Release|x64.Build.0 = Release|x64
		{13E1F4B6-CFE0-46CD-9AA1-6B187A4E6203}.Release|x86.ActiveCfg = Release|Win32
		{13E1F4B6-CFE0-46CD-9AA1-6B187A4E6203}.Release|x86.Build.0 = Release|Win32
		{5D559714-38BA-49C2-89BA-FFF1B69626B4}.Debug|x64.ActiveCfg = Debug|x64
		{5D559714-38BA-49C2-89BA-FFF1B69626B4}.Debug|x64.Build.0 = Debug|x64
		{5D559714-38BA-49C2-89BA-FFF1B69626B4}.Debug|x86.ActiveCfg = Debug|Win32
		{5D559714-38BA-49C2-89BA-FFF1B69626B4}.Debug|x86.Build.0 = Debug|Win32
		{5D559714-38BA-49C2-89BA-FFF1B69626B4}.Release|x64.ActiveCfg = Release|x64
		{5D559714-38BA-49C2-89BA-FFF1B69626B4}.Release|x64.Build.0 = Release|x64
		{5D559714-38BA-49C2-89BA-FFF1B69626B4}.Release|x86.ActiveCfg = Release|Win32
		{5D559714-38BA-49C2-89BA-FFF1B69626B4}.Release|x86.Build.0 = Release|Win32
		{D01D9732-0337-46E6-A612-5A32B65FFAF7}.Debug|x64.ActiveCfg = Debug|x64
		{D01D9732-0337-46E6-A612-5A32B65FFAF7}.Debug|x64.Build.0 = Debug|x64
		{D01D9732-0337-46E6-A612-5A32B65FFAF7}.Debug|x86.ActiveCfg = Debug|Win32
		{D01D9732-0337-46E6-A612-5A32B65FFAF7}.Debug|x86.Build.0 = Debug|Win32
		{D01D9732-0337-46E6-A612-5A32B65FFAF7}.Release|x64.ActiveCfg = Release|x64
		{D01D9732-0337-46E6-A612-5A32B65FFAF7}.Release|x64.Build.0 = Release|x64
		{D01D9732-0337-46E6-A612-5A32B65FFAF7}.Release|x86.ActiveCfg = Release|Win32
		{D01D9732-0337-46E6-A612-5A32B65FFAF7}.Release|x86.Build.0 = Release|Win32
		{DE14C539-5986-4AD3-8DAD-E3F966304787}.Debug|x64.ActiveCfg = Debug|x64
		{DE14C539-5986-4AD3-8DAD-E3F966304787}.Debug|x64.Build.0 = Debug|x64
		{DE14C539-5986-4AD3-8DAD-E3F966304787}.Debug|x86.ActiveCfg = Debug|Win32
		{DE14C539-5986-4AD3-8DAD-E3F966304787}.Debug|x86.Build.0 = Debug|Win32
		{DE14C539-5986-4AD3-8DAD-E3F966304787}.Release|x64.ActiveCfg = Release|x64
		{DE14C539-5986-4AD3-8DAD-E3F966304787}.Release|x64.Build.0 = Release|x64
		{DE14C539-5986-4AD3-8DAD-E3F966304787}.Release|x86.ActiveCfg = Release|Win32
		{DE14C539-5986-4AD3-8DAD-E3F966304787}.Release|x86.Build.0 = Release|Win32
	EndGlobalSection
	GlobalSection(SolutionProperties) = preSolution
		HideSolutionNode = FALSE
	EndGlobalSection
	GlobalSection(NestedProjects) = preSolution
		{13E1F4B6-CFE0-46CD-9AA1-6B187A4E6203} = {C28D57E5-B031-4FB9-ADF4-F8E86B446120}
		{5D559714-38BA-49C2-89BA-FFF1B69626B4} = {C28D57E5-B031-4FB9-ADF4-F8E86B446120}
		{D4DE4B50-3DA0-40BA-8447-D688F65D8A48} = {0FA725A0-EFAA-4569-A92E-E03FAC2127A6}
	EndGlobalSection
	GlobalSection(ExtensibilityGlobals) = postSolution
		SolutionGuid = {108467B5-AF8B-4518-81EE-092C6DAC65D6}
	EndGlobalSection
EndGlobal
