<?xml version="1.0" encoding="utf-8"?>
<Project ToolsVersion="4.0" xmlns="http://schemas.microsoft.com/developer/msbuild/2003">
  <ItemGroup>
    <Filter Include="Source Files">
      <UniqueIdentifier>{4FC737F1-C7A5-4376-A066-2A32D752A2FF}</UniqueIdentifier>
      <Extensions>cpp;c;cc;cxx;def;odl;idl;hpj;bat;asm;asmx</Extensions>
    </Filter>
    <Filter Include="Header Files">
      <UniqueIdentifier>{93995380-89BD-4b04-88EB-625FBE52EBFB}</UniqueIdentifier>
      <Extensions>h;hh;hpp;hxx;hm;inl;inc;xsd</Extensions>
    </Filter>
    <Filter Include="Resource Files">
      <UniqueIdentifier>{67DA6AB6-F800-4c08-8B7A-83BB121AAD01}</UniqueIdentifier>
      <Extensions>rc;ico;cur;bmp;dlg;rc2;rct;bin;rgs;gif;jpg;jpeg;jpe;resx;tiff;tif;png;wav;mfcribbon-ms</Extensions>
    </Filter>
    <Filter Include="public">
      <UniqueIdentifier>{5c9ad1c8-ac28-4321-9e60-9df9591920a0}</UniqueIdentifier>
    </Filter>
    <Filter Include="public\include">
      <UniqueIdentifier>{7e753583-1e92-48a1-a673-3cfba10d9dc6}</UniqueIdentifier>
    </Filter>
  </ItemGroup>
  <ItemGroup>
    <Text Include="ReadMe.txt" />
  </ItemGroup>
  <ItemGroup>
    <ClInclude Include="targetver.h">
      <Filter>Header Files</Filter>
    </ClInclude>
    <ClInclude Include="..\public\include\StateMachine\Context.h">
      <Filter>public\include</Filter>
    </ClInclude>
    <ClInclude Include="..\public\include\StateMachine\Event.h">
      <Filter>public\include</Filter>
    </ClInclude>
    <ClInclude Include="..\public\include\StateMachine\Interface.h">
      <Filter>public\include</Filter>
    </ClInclude>
    <ClInclude Include="..\public\include\StateMachine\State.h">
      <Filter>public\include</Filter>
    </ClInclude>
    <ClInclude Include="..\public\include\StateMachine\stdafx.h">
      <Filter>public\include</Filter>
    </ClInclude>
    <ClInclude Include="..\public\include\StateMachine\Unknown.h">
      <Filter>public\include</Filter>
    </ClInclude>
    <ClInclude Include="StateMachine.h">
      <Filter>Header Files</Filter>
    </ClInclude>
    <ClInclude Include="..\public\include\StateMachine\Assert.h">
      <Filter>public\include</Filter>
    </ClInclude>
    <ClInclude Include="AsyncStateMachine.h">
      <Filter>Header Files</Filter>
    </ClInclude>
    <ClInclude Include="..\public\include\StateMachine\TimerClient.h">
      <Filter>public\include</Filter>
    </ClInclude>
    <ClInclude Include="Handles.h">
      <Filter>Header Files</Filter>
    </ClInclude>
    <ClInclude Include="WindowProcStateMachine.h">
      <Filter>Header Files</Filter>
    </ClInclude>
  </ItemGroup>
  <ItemGroup>
    <ClCompile Include="stdafx.cpp">
      <Filter>Source Files</Filter>
    </ClCompile>
    <ClCompile Include="StateMachine.cpp">
      <Filter>Source Files</Filter>
    </ClCompile>
    <ClCompile Include="Unknown.cpp">
      <Filter>Source Files</Filter>
    </ClCompile>
    <ClCompile Include="AsyncStateMachine.cpp">
      <Filter>Source Files</Filter>
    </ClCompile>
    <ClCompile Include="TimerClient.cpp">
      <Filter>Source Files</Filter>
    </ClCompile>
    <ClCompile Include="Handles.cpp">
      <Filter>Source Files</Filter>
    </ClCompile>
    <ClCompile Include="WindowProcStateMachine.cpp">
      <Filter>Source Files</Filter>
    </ClCompile>
  </ItemGroup>
</Project>